
Microsoft Visual Studio Solution File, Format Version 12.00
# Visual Studio Version 17
VisualStudioVersion = 17.14.36408.4 d17.14
MinimumVisualStudioVersion = 10.0.40219.1
Project("{FAE04EC0-301F-11D3-BF4B-00C04F79EFBC}") = "Software Renderer", "Software Renderer\Software Renderer.csproj", "{0EC8CB74-5FE1-4124-9058-1063A779615D}"
EndProject
Global
	GlobalSection(SolutionConfigurationPlatforms) = preSolution
		Debug|Any CPU = Debug|Any CPU
		Release|Any CPU = Release|Any CPU
	EndGlobalSection
	GlobalSection(ProjectConfigurationPlatforms) = postSolution
		{0EC8CB74-5FE1-4124-9058-1063A779615D}.Debug|Any CPU.ActiveCfg = Debug|Any CPU
		{0EC8CB74-5FE1-4124-9058-1063A779615D}.Debug|Any CPU.Build.0 = Debug|Any CPU
		{0EC8CB74-5FE1-4124-9058-1063A779615D}.Release|Any CPU.ActiveCfg = Release|Any CPU
		{0EC8CB74-5FE1-4124-9058-1063A779615D}.Release|Any CPU.Build.0 = Release|Any CPU
	EndGlobalSection
	GlobalSection(SolutionProperties) = preSolution
		HideSolutionNode = FALSE
	EndGlobalSection
	GlobalSection(ExtensibilityGlobals) = postSolution
		SolutionGuid = {CB6DF279-0BC8-454E-985C-EADDD83EB26D}
	EndGlobalSection
EndGlobal
